// !$*UTF8*$!
{
	archiveVersion = 1;
	classes = {
	};
	objectVersion = 46;
	objects = {

/* Begin PBXBuildFile section */
		29F8F5E91BCB56E9006EF13A /* main.m in Sources */ = {isa = PBXBuildFile; fileRef = 29F8F5E81BCB56E9006EF13A /* main.m */; };
		29F8F5EC1BCB56E9006EF13A /* AppDelegate.m in Sources */ = {isa = PBXBuildFile; fileRef = 29F8F5EB1BCB56E9006EF13A /* AppDelegate.m */; };
		29F8F5EF1BCB56E9006EF13A /* ViewController.m in Sources */ = {isa = PBXBuildFile; fileRef = 29F8F5EE1BCB56E9006EF13A /* ViewController.m */; };
		29F8F5F21BCB56E9006EF13A /* Main.storyboard in Resources */ = {isa = PBXBuildFile; fileRef = 29F8F5F01BCB56E9006EF13A /* Main.storyboard */; };
		29F8F5F41BCB56E9006EF13A /* Assets.xcassets in Resources */ = {isa = PBXBuildFile; fileRef = 29F8F5F31BCB56E9006EF13A /* Assets.xcassets */; };
		29F8F5F71BCB56E9006EF13A /* LaunchScreen.storyboard in Resources */ = {isa = PBXBuildFile; fileRef = 29F8F5F51BCB56E9006EF13A /* LaunchScreen.storyboard */; };
		29F8F6021BCB56E9006EF13A /* webViewTests.m in Sources */ = {isa = PBXBuildFile; fileRef = 29F8F6011BCB56E9006EF13A /* webViewTests.m */; };
		29F8F60D1BCB56E9006EF13A /* webViewUITests.m in Sources */ = {isa = PBXBuildFile; fileRef = 29F8F60C1BCB56E9006EF13A /* webViewUITests.m */; };
/* End PBXBuildFile section */

/* Begin PBXContainerItemProxy section */
		29F8F5FE1BCB56E9006EF13A /* PBXContainerItemProxy */ = {
			isa = PBXContainerItemProxy;
			containerPortal = 29F8F5DC1BCB56E9006EF13A /* Project object */;
			proxyType = 1;
			remoteGlobalIDString = 29F8F5E31BCB56E9006EF13A;
			remoteInfo = webView;
		};
		29F8F6091BCB56E9006EF13A /* PBXContainerItemProxy */ = {
			isa = PBXContainerItemProxy;
			containerPortal = 29F8F5DC1BCB56E9006EF13A /* Project object */;
			proxyType = 1;
			remoteGlobalIDString = 29F8F5E31BCB56E9006EF13A;
			remoteInfo = webView;
		};
/* End PBXContainerItemProxy section */

/* Begin PBXFileReference section */
		29F8F5E41BCB56E9006EF13A /* webView.app */ = {isa = PBXFileReference; explicitFileType = wrapper.application; includeInIndex = 0; path = webView.app; sourceTree = BUILT_PRODUCTS_DIR; };
		29F8F5E81BCB56E9006EF13A /* main.m */ = {isa = PBXFileReference; lastKnownFileType = sourcecode.c.objc; path = main.m; sourceTree = "<group>"; };
		29F8F5EA1BCB56E9006EF13A /* AppDelegate.h */ = {isa = PBXFileReference; lastKnownFileType = sourcecode.c.h; path = AppDelegate.h; sourceTree = "<group>"; };
		29F8F5EB1BCB56E9006EF13A /* AppDelegate.m */ = {isa = PBXFileReference; lastKnownFileType = sourcecode.c.objc; path = AppDelegate.m; sourceTree = "<group>"; };
		29F8F5ED1BCB56E9006EF13A /* ViewController.h */ = {isa = PBXFileReference; lastKnownFileType = sourcecode.c.h; path = ViewController.h; sourceTree = "<group>"; };
		29F8F5EE1BCB56E9006EF13A /* ViewController.m */ = {isa = PBXFileReference; lastKnownFileType = sourcecode.c.objc; path = ViewController.m; sourceTree = "<group>"; };
		29F8F5F11BCB56E9006EF13A /* Base */ = {isa = PBXFileReference; lastKnownFileType = file.storyboard; name = Base; path = Base.lproj/Main.storyboard; sourceTree = "<group>"; };
		29F8F5F31BCB56E9006EF13A /* Assets.xcassets */ = {isa = PBXFileReference; lastKnownFileType = folder.assetcatalog; path = Assets.xcassets; sourceTree = "<group>"; };
		29F8F5F61BCB56E9006EF13A /* Base */ = {isa = PBXFileReference; lastKnownFileType = file.storyboard; name = Base; path = Base.lproj/LaunchScreen.storyboard; sourceTree = "<group>"; };
		29F8F5F81BCB56E9006EF13A /* Info.plist */ = {isa = PBXFileReference; lastKnownFileType = text.plist.xml; path = Info.plist; sourceTree = "<group>"; };
		29F8F5FD1BCB56E9006EF13A /* webViewTests.xctest */ = {isa = PBXFileReference; explicitFileType = wrapper.cfbundle; includeInIndex = 0; path = webViewTests.xctest; sourceTree = BUILT_PRODUCTS_DIR; };
		29F8F6011BCB56E9006EF13A /* webViewTests.m */ = {isa = PBXFileReference; lastKnownFileType = sourcecode.c.objc; path = webViewTests.m; sourceTree = "<group>"; };
		29F8F6031BCB56E9006EF13A /* Info.plist */ = {isa = PBXFileReference; lastKnownFileType = text.plist.xml; path = Info.plist; sourceTree = "<group>"; };
		29F8F6081BCB56E9006EF13A /* webViewUITests.xctest */ = {isa = PBXFileReference; explicitFileType = wrapper.cfbundle; includeInIndex = 0; path = webViewUITests.xctest; sourceTree = BUILT_PRODUCTS_DIR; };
		29F8F60C1BCB56E9006EF13A /* webViewUITests.m */ = {isa = PBXFileReference; lastKnownFileType = sourcecode.c.objc; path = webViewUITests.m; sourceTree = "<group>"; };
		29F8F60E1BCB56E9006EF13A /* Info.plist */ = {isa = PBXFileReference; lastKnownFileType = text.plist.xml; path = Info.plist; sourceTree = "<group>"; };
/* End PBXFileReference section */

/* Begin PBXFrameworksBuildPhase section */
		29F8F5E11BCB56E9006EF13A /* Frameworks */ = {
			isa = PBXFrameworksBuildPhase;
			buildActionMask = 2147483647;
			files = (
			);
			runOnlyForDeploymentPostprocessing = 0;
		};
		29F8F5FA1BCB56E9006EF13A /* Frameworks */ = {
			isa = PBXFrameworksBuildPhase;
			buildActionMask = 2147483647;
			files = (
			);
			runOnlyForDeploymentPostprocessing = 0;
		};
		29F8F6051BCB56E9006EF13A /* Frameworks */ = {
			isa = PBXFrameworksBuildPhase;
			buildActionMask = 2147483647;
			files = (
			);
			runOnlyForDeploymentPostprocessing = 0;
		};
/* End PBXFrameworksBuildPhase section */

/* Begin PBXGroup section */
		29F8F5DB1BCB56E9006EF13A = {
			isa = PBXGroup;
			children = (
				29F8F5E61BCB56E9006EF13A /* webView */,
				29F8F6001BCB56E9006EF13A /* webViewTests */,
				29F8F60B1BCB56E9006EF13A /* webViewUITests */,
				29F8F5E51BCB56E9006EF13A /* Products */,
			);
			sourceTree = "<group>";
		};
		29F8F5E51BCB56E9006EF13A /* Products */ = {
			isa = PBXGroup;
			children = (
				29F8F5E41BCB56E9006EF13A /* webView.app */,
				29F8F5FD1BCB56E9006EF13A /* webViewTests.xctest */,
				29F8F6081BCB56E9006EF13A /* webViewUITests.xctest */,
			);
			name = Products;
			sourceTree = "<group>";
		};
		29F8F5E61BCB56E9006EF13A /* webView */ = {
			isa = PBXGroup;
			children = (
				29F8F5EA1BCB56E9006EF13A /* AppDelegate.h */,
				29F8F5EB1BCB56E9006EF13A /* AppDelegate.m */,
				29F8F5ED1BCB56E9006EF13A /* ViewController.h */,
				29F8F5EE1BCB56E9006EF13A /* ViewController.m */,
				29F8F5F01BCB56E9006EF13A /* Main.storyboard */,
				29F8F5F31BCB56E9006EF13A /* Assets.xcassets */,
				29F8F5F51BCB56E9006EF13A /* LaunchScreen.storyboard */,
				29F8F5F81BCB56E9006EF13A /* Info.plist */,
				29F8F5E71BCB56E9006EF13A /* Supporting Files */,
			);
			path = webView;
			sourceTree = "<group>";
		};
		29F8F5E71BCB56E9006EF13A /* Supporting Files */ = {
			isa = PBXGroup;
			children = (
				29F8F5E81BCB56E9006EF13A /* main.m */,
			);
			name = "Supporting Files";
			sourceTree = "<group>";
		};
		29F8F6001BCB56E9006EF13A /* webViewTests */ = {
			isa = PBXGroup;
			children = (
				29F8F6011BCB56E9006EF13A /* webViewTests.m */,
				29F8F6031BCB56E9006EF13A /* Info.plist */,
			);
			path = webViewTests;
			sourceTree = "<group>";
		};
		29F8F60B1BCB56E9006EF13A /* webViewUITests */ = {
			isa = PBXGroup;
			children = (
				29F8F60C1BCB56E9006EF13A /* webViewUITests.m */,
				29F8F60E1BCB56E9006EF13A /* Info.plist */,
			);
			path = webViewUITests;
			sourceTree = "<group>";
		};
/* End PBXGroup section */

/* Begin PBXNativeTarget section */
		29F8F5E31BCB56E9006EF13A /* webView */ = {
			isa = PBXNativeTarget;
			buildConfigurationList = 29F8F6111BCB56E9006EF13A /* Build configuration list for PBXNativeTarget "webView" */;
			buildPhases = (
				29F8F5E01BCB56E9006EF13A /* Sources */,
				29F8F5E11BCB56E9006EF13A /* Frameworks */,
				29F8F5E21BCB56E9006EF13A /* Resources */,
			);
			buildRules = (
			);
			dependencies = (
			);
			name = webView;
			productName = webView;
			productReference = 29F8F5E41BCB56E9006EF13A /* webView.app */;
			productType = "com.apple.product-type.application";
		};
		29F8F5FC1BCB56E9006EF13A /* webViewTests */ = {
			isa = PBXNativeTarget;
			buildConfigurationList = 29F8F6141BCB56E9006EF13A /* Build configuration list for PBXNativeTarget "webViewTests" */;
			buildPhases = (
				29F8F5F91BCB56E9006EF13A /* Sources */,
				29F8F5FA1BCB56E9006EF13A /* Frameworks */,
				29F8F5FB1BCB56E9006EF13A /* Resources */,
			);
			buildRules = (
			);
			dependencies = (
				29F8F5FF1BCB56E9006EF13A /* PBXTargetDependency */,
			);
			name = webViewTests;
			productName = webViewTests;
			productReference = 29F8F5FD1BCB56E9006EF13A /* webViewTests.xctest */;
			productType = "com.apple.product-type.bundle.unit-test";
		};
		29F8F6071BCB56E9006EF13A /* webViewUITests */ = {
			isa = PBXNativeTarget;
			buildConfigurationList = 29F8F6171BCB56E9006EF13A /* Build configuration list for PBXNativeTarget "webViewUITests" */;
			buildPhases = (
				29F8F6041BCB56E9006EF13A /* Sources */,
				29F8F6051BCB56E9006EF13A /* Frameworks */,
				29F8F6061BCB56E9006EF13A /* Resources */,
			);
			buildRules = (
			);
			dependencies = (
				29F8F60A1BCB56E9006EF13A /* PBXTargetDependency */,
			);
			name = webViewUITests;
			productName = webViewUITests;
			productReference = 29F8F6081BCB56E9006EF13A /* webViewUITests.xctest */;
			productType = "com.apple.product-type.bundle.ui-testing";
		};
/* End PBXNativeTarget section */

/* Begin PBXProject section */
		29F8F5DC1BCB56E9006EF13A /* Project object */ = {
			isa = PBXProject;
			attributes = {
				LastUpgradeCheck = 0700;
				ORGANIZATIONNAME = bothtech;
				TargetAttributes = {
					29F8F5E31BCB56E9006EF13A = {
						CreatedOnToolsVersion = 7.0;
						DevelopmentTeam = 36CGP7LVDZ;
					};
					29F8F5FC1BCB56E9006EF13A = {
						CreatedOnToolsVersion = 7.0;
						TestTargetID = 29F8F5E31BCB56E9006EF13A;
					};
					29F8F6071BCB56E9006EF13A = {
						CreatedOnToolsVersion = 7.0;
						TestTargetID = 29F8F5E31BCB56E9006EF13A;
					};
				};
			};
			buildConfigurationList = 29F8F5DF1BCB56E9006EF13A /* Build configuration list for PBXProject "webView" */;
			compatibilityVersion = "Xcode 3.2";
			developmentRegion = English;
			hasScannedForEncodings = 0;
			knownRegions = (
				en,
				Base,
			);
			mainGroup = 29F8F5DB1BCB56E9006EF13A;
			productRefGroup = 29F8F5E51BCB56E9006EF13A /* Products */;
			projectDirPath = "";
			projectRoot = "";
			targets = (
				29F8F5E31BCB56E9006EF13A /* webView */,
				29F8F5FC1BCB56E9006EF13A /* webViewTests */,
				29F8F6071BCB56E9006EF13A /* webViewUITests */,
			);
		};
/* End PBXProject section */

/* Begin PBXResourcesBuildPhase section */
		29F8F5E21BCB56E9006EF13A /* Resources */ = {
			isa = PBXResourcesBuildPhase;
			buildActionMask = 2147483647;
			files = (
				29F8F5F71BCB56E9006EF13A /* LaunchScreen.storyboard in Resources */,
				29F8F5F41BCB56E9006EF13A /* Assets.xcassets in Resources */,
				29F8F5F21BCB56E9006EF13A /* Main.storyboard in Resources */,
			);
			runOnlyForDeploymentPostprocessing = 0;
		};
		29F8F5FB1BCB56E9006EF13A /* Resources */ = {
			isa = PBXResourcesBuildPhase;
			buildActionMask = 2147483647;
			files = (
			);
			runOnlyForDeploymentPostprocessing = 0;
		};
		29F8F6061BCB56E9006EF13A /* Resources */ = {
			isa = PBXResourcesBuildPhase;
			buildActionMask = 2147483647;
			files = (
			);
			runOnlyForDeploymentPostprocessing = 0;
		};
/* End PBXResourcesBuildPhase section */

/* Begin PBXSourcesBuildPhase section */
		29F8F5E01BCB56E9006EF13A /* Sources */ = {
			isa = PBXSourcesBuildPhase;
			buildActionMask = 2147483647;
			files = (
				29F8F5EF1BCB56E9006EF13A /* ViewController.m in Sources */,
				29F8F5EC1BCB56E9006EF13A /* AppDelegate.m in Sources */,
				29F8F5E91BCB56E9006EF13A /* main.m in Sources */,
			);
			runOnlyForDeploymentPostprocessing = 0;
		};
		29F8F5F91BCB56E9006EF13A /* Sources */ = {
			isa = PBXSourcesBuildPhase;
			buildActionMask = 2147483647;
			files = (
				29F8F6021BCB56E9006EF13A /* webViewTests.m in Sources */,
			);
			runOnlyForDeploymentPostprocessing = 0;
		};
		29F8F6041BCB56E9006EF13A /* Sources */ = {
			isa = PBXSourcesBuildPhase;
			buildActionMask = 2147483647;
			files = (
				29F8F60D1BCB56E9006EF13A /* webViewUITests.m in Sources */,
			);
			runOnlyForDeploymentPostprocessing = 0;
		};
/* End PBXSourcesBuildPhase section */

/* Begin PBXTargetDependency section */
		29F8F5FF1BCB56E9006EF13A /* PBXTargetDependency */ = {
			isa = PBXTargetDependency;
			target = 29F8F5E31BCB56E9006EF13A /* webView */;
			targetProxy = 29F8F5FE1BCB56E9006EF13A /* PBXContainerItemProxy */;
		};
		29F8F60A1BCB56E9006EF13A /* PBXTargetDependency */ = {
			isa = PBXTargetDependency;
			target = 29F8F5E31BCB56E9006EF13A /* webView */;
			targetProxy = 29F8F6091BCB56E9006EF13A /* PBXContainerItemProxy */;
		};
/* End PBXTargetDependency section */

/* Begin PBXVariantGroup section */
		29F8F5F01BCB56E9006EF13A /* Main.storyboard */ = {
			isa = PBXVariantGroup;
			children = (
				29F8F5F11BCB56E9006EF13A /* Base */,
			);
			name = Main.storyboard;
			sourceTree = "<group>";
		};
		29F8F5F51BCB56E9006EF13A /* LaunchScreen.storyboard */ = {
			isa = PBXVariantGroup;
			children = (
				29F8F5F61BCB56E9006EF13A /* Base */,
			);
			name = LaunchScreen.storyboard;
			sourceTree = "<group>";
		};
/* End PBXVariantGroup section */

/* Begin XCBuildConfiguration section */
		29F8F60F1BCB56E9006EF13A /* Debug */ = {
			isa = XCBuildConfiguration;
			buildSettings = {
				ALWAYS_SEARCH_USER_PATHS = NO;
				CLANG_CXX_LANGUAGE_STANDARD = "gnu++0x";
				CLANG_CXX_LIBRARY = "libc++";
				CLANG_ENABLE_MODULES = YES;
				CLANG_ENABLE_OBJC_ARC = YES;
				CLANG_WARN_BOOL_CONVERSION = YES;
				CLANG_WARN_CONSTANT_CONVERSION = YES;
				CLANG_WARN_DIRECT_OBJC_ISA_USAGE = YES_ERROR;
				CLANG_WARN_EMPTY_BODY = YES;
				CLANG_WARN_ENUM_CONVERSION = YES;
				CLANG_WARN_INT_CONVERSION = YES;
				CLANG_WARN_OBJC_ROOT_CLASS = YES_ERROR;
				CLANG_WARN_UNREACHABLE_CODE = YES;
				CLANG_WARN__DUPLICATE_METHOD_MATCH = YES;
				"CODE_SIGN_IDENTITY[sdk=iphoneos*]" = "iPhone Developer";
				COPY_PHASE_STRIP = NO;
				DEBUG_INFORMATION_FORMAT = dwarf;
				ENABLE_STRICT_OBJC_MSGSEND = YES;
				ENABLE_TESTABILITY = YES;
				GCC_C_LANGUAGE_STANDARD = gnu99;
				GCC_DYNAMIC_NO_PIC = NO;
				GCC_NO_COMMON_BLOCKS = YES;
				GCC_OPTIMIZATION_LEVEL = 0;
				GCC_PREPROCESSOR_DEFINITIONS = (
					"DEBUG=1",
					"$(inherited)",
				);
				GCC_WARN_64_TO_32_BIT_CONVERSION = YES;
				GCC_WARN_ABOUT_RETURN_TYPE = YES_ERROR;
				GCC_WARN_UNDECLARED_SELECTOR = YES;
				GCC_WARN_UNINITIALIZED_AUTOS = YES_AGGRESSIVE;
				GCC_WARN_UNUSED_FUNCTION = YES;
				GCC_WARN_UNUSED_VARIABLE = YES;
				IPHONEOS_DEPLOYMENT_TARGET = 9.0;
				MTL_ENABLE_DEBUG_INFO = YES;
				ONLY_ACTIVE_ARCH = YES;
				SDKROOT = iphoneos;
				TARGETED_DEVICE_FAMILY = "1,2";
			};
			name = Debug;
		};
		29F8F6101BCB56E9006EF13A /* Release */ = {
			isa = XCBuildConfiguration;
			buildSettings = {
				ALWAYS_SEARCH_USER_PATHS = NO;
				CLANG_CXX_LANGUAGE_STANDARD = "gnu++0x";
				CLANG_CXX_LIBRARY = "libc++";
				CLANG_ENABLE_MODULES = YES;
				CLANG_ENABLE_OBJC_ARC = YES;
				CLANG_WARN_BOOL_CONVERSION = YES;
				CLANG_WARN_CONSTANT_CONVERSION = YES;
				CLANG_WARN_DIRECT_OBJC_ISA_USAGE = YES_ERROR;
				CLANG_WARN_EMPTY_BODY = YES;
				CLANG_WARN_ENUM_CONVERSION = YES;
				CLANG_WARN_INT_CONVERSION = YES;
				CLANG_WARN_OBJC_ROOT_CLASS = YES_ERROR;
				CLANG_WARN_UNREACHABLE_CODE = YES;
				CLANG_WARN__DUPLICATE_METHOD_MATCH = YES;
				"CODE_SIGN_IDENTITY[sdk=iphoneos*]" = "iPhone Developer";
				COPY_PHASE_STRIP = NO;
				DEBUG_INFORMATION_FORMAT = "dwarf-with-dsym";
				ENABLE_NS_ASSERTIONS = NO;
				ENABLE_STRICT_OBJC_MSGSEND = YES;
				GCC_C_LANGUAGE_STANDARD = gnu99;
				GCC_NO_COMMON_BLOCKS = YES;
				GCC_WARN_64_TO_32_BIT_CONVERSION = YES;
				GCC_WARN_ABOUT_RETURN_TYPE = YES_ERROR;
				GCC_WARN_UNDECLARED_SELECTOR = YES;
				GCC_WARN_UNINITIALIZED_AUTOS = YES_AGGRESSIVE;
				GCC_WARN_UNUSED_FUNCTION = YES;
				GCC_WARN_UNUSED_VARIABLE = YES;
				IPHONEOS_DEPLOYMENT_TARGET = 9.0;
				MTL_ENABLE_DEBUG_INFO = NO;
				SDKROOT = iphoneos;
				TARGETED_DEVICE_FAMILY = "1,2";
				VALIDATE_PRODUCT = YES;
			};
			name = Release;
		};
		29F8F6121BCB56E9006EF13A /* Debug */ = {
			isa = XCBuildConfiguration;
			buildSettings = {
				ASSETCATALOG_COMPILER_APPICON_NAME = AppIcon;
				CODE_SIGN_IDENTITY = "iPhone Developer";
				INFOPLIST_FILE = webView/Info.plist;
				IPHONEOS_DEPLOYMENT_TARGET = 9.0;
				LD_RUNPATH_SEARCH_PATHS = "$(inherited) @executable_path/Frameworks";
				PRODUCT_BUNDLE_IDENTIFIER = com.webViewqq;
				PRODUCT_NAME = "$(TARGET_NAME)";
				TARGETED_DEVICE_FAMILY = 1;
			};
			name = Debug;
		};
		29F8F6131BCB56E9006EF13A /* Release */ = {
			isa = XCBuildConfiguration;
			buildSettings = {
				ASSETCATALOG_COMPILER_APPICON_NAME = AppIcon;
				CODE_SIGN_IDENTITY = "iPhone Developer";
				INFOPLIST_FILE = webView/Info.plist;
				IPHONEOS_DEPLOYMENT_TARGET = 9.0;
				LD_RUNPATH_SEARCH_PATHS = "$(inherited) @executable_path/Frameworks";
				PRODUCT_BUNDLE_IDENTIFIER = com.webViewqq;
				PRODUCT_NAME = "$(TARGET_NAME)";
				TARGETED_DEVICE_FAMILY = 1;
			};
			name = Release;
		};
		29F8F6151BCB56E9006EF13A /* Debug */ = {
			isa = XCBuildConfiguration;
			buildSettings = {
				BUNDLE_LOADER = "$(TEST_HOST)";
				INFOPLIST_FILE = webViewTests/Info.plist;
				LD_RUNPATH_SEARCH_PATHS = "$(inherited) @executable_path/Frameworks @loader_path/Frameworks";
				PRODUCT_BUNDLE_IDENTIFIER = com.webViewTests;
				PRODUCT_NAME = "$(TARGET_NAME)";
				TEST_HOST = "$(BUILT_PRODUCTS_DIR)/webView.app/webView";
			};
			name = Debug;
		};
		29F8F6161BCB56E9006EF13A /* Release */ = {
			isa = XCBuildConfiguration;
			buildSettings = {
				BUNDLE_LOADER = "$(TEST_HOST)";
				INFOPLIST_FILE = webViewTests/Info.plist;
				LD_RUNPATH_SEARCH_PATHS = "$(inherited) @executable_path/Frameworks @loader_path/Frameworks";
				PRODUCT_BUNDLE_IDENTIFIER = com.webViewTests;
				PRODUCT_NAME = "$(TARGET_NAME)";
				TEST_HOST = "$(BUILT_PRODUCTS_DIR)/webView.app/webView";
			};
			name = Release;
		};
		29F8F6181BCB56E9006EF13A /* Debug */ = {
			isa = XCBuildConfiguration;
			buildSettings = {
				INFOPLIST_FILE = webViewUITests/Info.plist;
				LD_RUNPATH_SEARCH_PATHS = "$(inherited) @executable_path/Frameworks @loader_path/Frameworks";
				PRODUCT_BUNDLE_IDENTIFIER = com.webViewUITests;
				PRODUCT_NAME = "$(TARGET_NAME)";
				TEST_TARGET_NAME = webView;
				USES_XCTRUNNER = YES;
			};
			name = Debug;
		};
		29F8F6191BCB56E9006EF13A /* Release */ = {
			isa = XCBuildConfiguration;
			buildSettings = {
				INFOPLIST_FILE = webViewUITests/Info.plist;
				LD_RUNPATH_SEARCH_PATHS = "$(inherited) @executable_path/Frameworks @loader_path/Frameworks";
				PRODUCT_BUNDLE_IDENTIFIER = com.webViewUITests;
				PRODUCT_NAME = "$(TARGET_NAME)";
				TEST_TARGET_NAME = webView;
				USES_XCTRUNNER = YES;
			};
			name = Release;
		};
/* End XCBuildConfiguration section */

/* Begin XCConfigurationList section */
		29F8F5DF1BCB56E9006EF13A /* Build configuration list for PBXProject "webView" */ = {
			isa = XCConfigurationList;
			buildConfigurations = (
				29F8F60F1BCB56E9006EF13A /* Debug */,
				29F8F6101BCB56E9006EF13A /* Release */,
			);
			defaultConfigurationIsVisible = 0;
			defaultConfigurationName = Release;
		};
		29F8F6111BCB56E9006EF13A /* Build configuration list for PBXNativeTarget "webView" */ = {
			isa = XCConfigurationList;
			buildConfigurations = (
				29F8F6121BCB56E9006EF13A /* Debug */,
				29F8F6131BCB56E9006EF13A /* Release */,
			);
			defaultConfigurationIsVisible = 0;
		};
		29F8F6141BCB56E9006EF13A /* Build configuration list for PBXNativeTarget "webViewTests" */ = {
			isa = XCConfigurationList;
			buildConfigurations = (
				29F8F6151BCB56E9006EF13A /* Debug */,
				29F8F6161BCB56E9006EF13A /* Release */,
			);
			defaultConfigurationIsVisible = 0;
		};
		29F8F6171BCB56E9006EF13A /* Build configuration list for PBXNativeTarget "webViewUITests" */ = {
			isa = XCConfigurationList;
			buildConfigurations = (
				29F8F6181BCB56E9006EF13A /* Debug */,
				29F8F6191BCB56E9006EF13A /* Release */,
			);
			defaultConfigurationIsVisible = 0;
		};
/* End XCConfigurationList section */
	};
	rootObject = 29F8F5DC1BCB56E9006EF13A /* Project object */;
}
