// !$*UTF8*$!
{
	archiveVersion = 1;
	classes = {
	};
	objectVersion = 46;
	objects = {

/* Begin PBXBuildFile section */
		2937585C1BF083C90050A31A /* BTHomeCollectionViewController.m in Sources */ = {isa = PBXBuildFile; fileRef = 2937585B1BF083C90050A31A /* BTHomeCollectionViewController.m */; };
		2937585F1BF091940050A31A /* BTNavigationController.m in Sources */ = {isa = PBXBuildFile; fileRef = 2937585E1BF091940050A31A /* BTNavigationController.m */; };
		293758621BF09CA70050A31A /* BTConst.m in Sources */ = {isa = PBXBuildFile; fileRef = 293758611BF09CA70050A31A /* BTConst.m */; };
		29C658D61BE1B96200C4B8D0 /* main.m in Sources */ = {isa = PBXBuildFile; fileRef = 29C658D51BE1B96200C4B8D0 /* main.m */; };
		29C658D91BE1B96200C4B8D0 /* AppDelegate.m in Sources */ = {isa = PBXBuildFile; fileRef = 29C658D81BE1B96200C4B8D0 /* AppDelegate.m */; };
		29C658DC1BE1B96200C4B8D0 /* ViewController.m in Sources */ = {isa = PBXBuildFile; fileRef = 29C658DB1BE1B96200C4B8D0 /* ViewController.m */; };
		29C658E11BE1B96200C4B8D0 /* Assets.xcassets in Resources */ = {isa = PBXBuildFile; fileRef = 29C658E01BE1B96200C4B8D0 /* Assets.xcassets */; };
		29C658EF1BE1B96200C4B8D0 /* BothtechAppNewTests.m in Sources */ = {isa = PBXBuildFile; fileRef = 29C658EE1BE1B96200C4B8D0 /* BothtechAppNewTests.m */; };
		29C658FA1BE1B96200C4B8D0 /* BothtechAppNewUITests.m in Sources */ = {isa = PBXBuildFile; fileRef = 29C658F91BE1B96200C4B8D0 /* BothtechAppNewUITests.m */; };
/* End PBXBuildFile section */

/* Begin PBXContainerItemProxy section */
		29C658EB1BE1B96200C4B8D0 /* PBXContainerItemProxy */ = {
			isa = PBXContainerItemProxy;
			containerPortal = 29C658C91BE1B96200C4B8D0 /* Project object */;
			proxyType = 1;
			remoteGlobalIDString = 29C658D01BE1B96200C4B8D0;
			remoteInfo = BothtechAppNew;
		};
		29C658F61BE1B96200C4B8D0 /* PBXContainerItemProxy */ = {
			isa = PBXContainerItemProxy;
			containerPortal = 29C658C91BE1B96200C4B8D0 /* Project object */;
			proxyType = 1;
			remoteGlobalIDString = 29C658D01BE1B96200C4B8D0;
			remoteInfo = BothtechAppNew;
		};
/* End PBXContainerItemProxy section */

/* Begin PBXFileReference section */
		2937585A1BF083C90050A31A /* BTHomeCollectionViewController.h */ = {isa = PBXFileReference; fileEncoding = 4; lastKnownFileType = sourcecode.c.h; path = BTHomeCollectionViewController.h; sourceTree = "<group>"; };
		2937585B1BF083C90050A31A /* BTHomeCollectionViewController.m */ = {isa = PBXFileReference; fileEncoding = 4; lastKnownFileType = sourcecode.c.objc; path = BTHomeCollectionViewController.m; sourceTree = "<group>"; };
		2937585D1BF091940050A31A /* BTNavigationController.h */ = {isa = PBXFileReference; fileEncoding = 4; lastKnownFileType = sourcecode.c.h; path = BTNavigationController.h; sourceTree = "<group>"; };
		2937585E1BF091940050A31A /* BTNavigationController.m */ = {isa = PBXFileReference; fileEncoding = 4; lastKnownFileType = sourcecode.c.objc; path = BTNavigationController.m; sourceTree = "<group>"; };
		293758601BF09CA70050A31A /* BTConst.h */ = {isa = PBXFileReference; fileEncoding = 4; lastKnownFileType = sourcecode.c.h; path = BTConst.h; sourceTree = "<group>"; };
		293758611BF09CA70050A31A /* BTConst.m */ = {isa = PBXFileReference; fileEncoding = 4; lastKnownFileType = sourcecode.c.objc; path = BTConst.m; sourceTree = "<group>"; };
		29C658D11BE1B96200C4B8D0 /* BothtechAppNew.app */ = {isa = PBXFileReference; explicitFileType = wrapper.application; includeInIndex = 0; path = BothtechAppNew.app; sourceTree = BUILT_PRODUCTS_DIR; };
		29C658D51BE1B96200C4B8D0 /* main.m */ = {isa = PBXFileReference; lastKnownFileType = sourcecode.c.objc; path = main.m; sourceTree = "<group>"; };
		29C658D71BE1B96200C4B8D0 /* AppDelegate.h */ = {isa = PBXFileReference; lastKnownFileType = sourcecode.c.h; path = AppDelegate.h; sourceTree = "<group>"; };
		29C658D81BE1B96200C4B8D0 /* AppDelegate.m */ = {isa = PBXFileReference; lastKnownFileType = sourcecode.c.objc; path = AppDelegate.m; sourceTree = "<group>"; };
		29C658DA1BE1B96200C4B8D0 /* ViewController.h */ = {isa = PBXFileReference; lastKnownFileType = sourcecode.c.h; path = ViewController.h; sourceTree = "<group>"; };
		29C658DB1BE1B96200C4B8D0 /* ViewController.m */ = {isa = PBXFileReference; lastKnownFileType = sourcecode.c.objc; path = ViewController.m; sourceTree = "<group>"; };
		29C658E01BE1B96200C4B8D0 /* Assets.xcassets */ = {isa = PBXFileReference; lastKnownFileType = folder.assetcatalog; path = Assets.xcassets; sourceTree = "<group>"; };
		29C658E51BE1B96200C4B8D0 /* Info.plist */ = {isa = PBXFileReference; lastKnownFileType = text.plist.xml; path = Info.plist; sourceTree = "<group>"; };
		29C658EA1BE1B96200C4B8D0 /* BothtechAppNewTests.xctest */ = {isa = PBXFileReference; explicitFileType = wrapper.cfbundle; includeInIndex = 0; path = BothtechAppNewTests.xctest; sourceTree = BUILT_PRODUCTS_DIR; };
		29C658EE1BE1B96200C4B8D0 /* BothtechAppNewTests.m */ = {isa = PBXFileReference; lastKnownFileType = sourcecode.c.objc; path = BothtechAppNewTests.m; sourceTree = "<group>"; };
		29C658F01BE1B96200C4B8D0 /* Info.plist */ = {isa = PBXFileReference; lastKnownFileType = text.plist.xml; path = Info.plist; sourceTree = "<group>"; };
		29C658F51BE1B96200C4B8D0 /* BothtechAppNewUITests.xctest */ = {isa = PBXFileReference; explicitFileType = wrapper.cfbundle; includeInIndex = 0; path = BothtechAppNewUITests.xctest; sourceTree = BUILT_PRODUCTS_DIR; };
		29C658F91BE1B96200C4B8D0 /* BothtechAppNewUITests.m */ = {isa = PBXFileReference; lastKnownFileType = sourcecode.c.objc; path = BothtechAppNewUITests.m; sourceTree = "<group>"; };
		29C658FB1BE1B96200C4B8D0 /* Info.plist */ = {isa = PBXFileReference; lastKnownFileType = text.plist.xml; path = Info.plist; sourceTree = "<group>"; };
/* End PBXFileReference section */

/* Begin PBXFrameworksBuildPhase section */
		29C658CE1BE1B96200C4B8D0 /* Frameworks */ = {
			isa = PBXFrameworksBuildPhase;
			buildActionMask = 2147483647;
			files = (
			);
			runOnlyForDeploymentPostprocessing = 0;
		};
		29C658E71BE1B96200C4B8D0 /* Frameworks */ = {
			isa = PBXFrameworksBuildPhase;
			buildActionMask = 2147483647;
			files = (
			);
			runOnlyForDeploymentPostprocessing = 0;
		};
		29C658F21BE1B96200C4B8D0 /* Frameworks */ = {
			isa = PBXFrameworksBuildPhase;
			buildActionMask = 2147483647;
			files = (
			);
			runOnlyForDeploymentPostprocessing = 0;
		};
/* End PBXFrameworksBuildPhase section */

/* Begin PBXGroup section */
		2984A5E41BEB5DBC00E8FC1A /* Main */ = {
			isa = PBXGroup;
			children = (
				2984A5E51BEB5DBC00E8FC1A /* Category */,
				2984A5E61BEB5DBC00E8FC1A /* Controller */,
				2984A5E71BEB5DBC00E8FC1A /* Lib */,
				2984A5E81BEB5DBC00E8FC1A /* Other */,
				2937585D1BF091940050A31A /* BTNavigationController.h */,
				2937585E1BF091940050A31A /* BTNavigationController.m */,
			);
			path = Main;
			sourceTree = "<group>";
		};
		2984A5E51BEB5DBC00E8FC1A /* Category */ = {
			isa = PBXGroup;
			children = (
			);
			path = Category;
			sourceTree = "<group>";
		};
		2984A5E61BEB5DBC00E8FC1A /* Controller */ = {
			isa = PBXGroup;
			children = (
			);
			path = Controller;
			sourceTree = "<group>";
		};
		2984A5E71BEB5DBC00E8FC1A /* Lib */ = {
			isa = PBXGroup;
			children = (
			);
			path = Lib;
			sourceTree = "<group>";
		};
		2984A5E81BEB5DBC00E8FC1A /* Other */ = {
			isa = PBXGroup;
			children = (
			);
			path = Other;
			sourceTree = "<group>";
		};
		2984A5E91BEB602200E8FC1A /* Home */ = {
			isa = PBXGroup;
			children = (
				2937585A1BF083C90050A31A /* BTHomeCollectionViewController.h */,
				2937585B1BF083C90050A31A /* BTHomeCollectionViewController.m */,
			);
			name = Home;
			path = Main/Home;
			sourceTree = "<group>";
		};
		2984A5EA1BEB604500E8FC1A /* Resource */ = {
			isa = PBXGroup;
			children = (
				2984A5EB1BEB604500E8FC1A /* Images */,
				2984A5EC1BEB604500E8FC1A /* Plist */,
			);
			path = Resource;
			sourceTree = "<group>";
		};
		2984A5EB1BEB604500E8FC1A /* Images */ = {
			isa = PBXGroup;
			children = (
			);
			path = Images;
			sourceTree = "<group>";
		};
		2984A5EC1BEB604500E8FC1A /* Plist */ = {
			isa = PBXGroup;
			children = (
			);
			path = Plist;
			sourceTree = "<group>";
		};
		2984A5ED1BEB604900E8FC1A /* Vender */ = {
			isa = PBXGroup;
			children = (
			);
			path = Vender;
			sourceTree = "<group>";
		};
		2984A5EE1BEB604E00E8FC1A /* Expand */ = {
			isa = PBXGroup;
			children = (
				2984A5EF1BEB604E00E8FC1A /* Category */,
				2984A5F01BEB604E00E8FC1A /* DataBase */,
				2984A5F11BEB604E00E8FC1A /* Network */,
			);
			path = Expand;
			sourceTree = "<group>";
		};
		2984A5EF1BEB604E00E8FC1A /* Category */ = {
			isa = PBXGroup;
			children = (
			);
			path = Category;
			sourceTree = "<group>";
		};
		2984A5F01BEB604E00E8FC1A /* DataBase */ = {
			isa = PBXGroup;
			children = (
			);
			path = DataBase;
			sourceTree = "<group>";
		};
		2984A5F11BEB604E00E8FC1A /* Network */ = {
			isa = PBXGroup;
			children = (
			);
			path = Network;
			sourceTree = "<group>";
		};
		29C658C81BE1B96200C4B8D0 = {
			isa = PBXGroup;
			children = (
				29C658D31BE1B96200C4B8D0 /* BothtechAppNew */,
				29C658ED1BE1B96200C4B8D0 /* BothtechAppNewTests */,
				29C658F81BE1B96200C4B8D0 /* BothtechAppNewUITests */,
				29C658D21BE1B96200C4B8D0 /* Products */,
			);
			sourceTree = "<group>";
		};
		29C658D21BE1B96200C4B8D0 /* Products */ = {
			isa = PBXGroup;
			children = (
				29C658D11BE1B96200C4B8D0 /* BothtechAppNew.app */,
				29C658EA1BE1B96200C4B8D0 /* BothtechAppNewTests.xctest */,
				29C658F51BE1B96200C4B8D0 /* BothtechAppNewUITests.xctest */,
			);
			name = Products;
			sourceTree = "<group>";
		};
		29C658D31BE1B96200C4B8D0 /* BothtechAppNew */ = {
			isa = PBXGroup;
			children = (
				2984A5EE1BEB604E00E8FC1A /* Expand */,
				2984A5ED1BEB604900E8FC1A /* Vender */,
				2984A5EA1BEB604500E8FC1A /* Resource */,
				2984A5E91BEB602200E8FC1A /* Home */,
				2984A5E41BEB5DBC00E8FC1A /* Main */,
				29C658D71BE1B96200C4B8D0 /* AppDelegate.h */,
				293758601BF09CA70050A31A /* BTConst.h */,
				293758611BF09CA70050A31A /* BTConst.m */,
				29C658D81BE1B96200C4B8D0 /* AppDelegate.m */,
				29C658DA1BE1B96200C4B8D0 /* ViewController.h */,
				29C658DB1BE1B96200C4B8D0 /* ViewController.m */,
				29C658D41BE1B96200C4B8D0 /* Supporting Files */,
			);
			path = BothtechAppNew;
			sourceTree = "<group>";
		};
		29C658D41BE1B96200C4B8D0 /* Supporting Files */ = {
			isa = PBXGroup;
			children = (
				29C658E01BE1B96200C4B8D0 /* Assets.xcassets */,
				29C658E51BE1B96200C4B8D0 /* Info.plist */,
				29C658D51BE1B96200C4B8D0 /* main.m */,
			);
			name = "Supporting Files";
			sourceTree = "<group>";
		};
		29C658ED1BE1B96200C4B8D0 /* BothtechAppNewTests */ = {
			isa = PBXGroup;
			children = (
				29C658EE1BE1B96200C4B8D0 /* BothtechAppNewTests.m */,
				29C658F01BE1B96200C4B8D0 /* Info.plist */,
			);
			path = BothtechAppNewTests;
			sourceTree = "<group>";
		};
		29C658F81BE1B96200C4B8D0 /* BothtechAppNewUITests */ = {
			isa = PBXGroup;
			children = (
				29C658F91BE1B96200C4B8D0 /* BothtechAppNewUITests.m */,
				29C658FB1BE1B96200C4B8D0 /* Info.plist */,
			);
			path = BothtechAppNewUITests;
			sourceTree = "<group>";
		};
/* End PBXGroup section */

/* Begin PBXNativeTarget section */
		29C658D01BE1B96200C4B8D0 /* BothtechAppNew */ = {
			isa = PBXNativeTarget;
			buildConfigurationList = 29C658FE1BE1B96200C4B8D0 /* Build configuration list for PBXNativeTarget "BothtechAppNew" */;
			buildPhases = (
				29C658CD1BE1B96200C4B8D0 /* Sources */,
				29C658CE1BE1B96200C4B8D0 /* Frameworks */,
				29C658CF1BE1B96200C4B8D0 /* Resources */,
			);
			buildRules = (
			);
			dependencies = (
			);
			name = BothtechAppNew;
			productName = BothtechAppNew;
			productReference = 29C658D11BE1B96200C4B8D0 /* BothtechAppNew.app */;
			productType = "com.apple.product-type.application";
		};
		29C658E91BE1B96200C4B8D0 /* BothtechAppNewTests */ = {
			isa = PBXNativeTarget;
			buildConfigurationList = 29C659011BE1B96200C4B8D0 /* Build configuration list for PBXNativeTarget "BothtechAppNewTests" */;
			buildPhases = (
				29C658E61BE1B96200C4B8D0 /* Sources */,
				29C658E71BE1B96200C4B8D0 /* Frameworks */,
				29C658E81BE1B96200C4B8D0 /* Resources */,
			);
			buildRules = (
			);
			dependencies = (
				29C658EC1BE1B96200C4B8D0 /* PBXTargetDependency */,
			);
			name = BothtechAppNewTests;
			productName = BothtechAppNewTests;
			productReference = 29C658EA1BE1B96200C4B8D0 /* BothtechAppNewTests.xctest */;
			productType = "com.apple.product-type.bundle.unit-test";
		};
		29C658F41BE1B96200C4B8D0 /* BothtechAppNewUITests */ = {
			isa = PBXNativeTarget;
			buildConfigurationList = 29C659041BE1B96200C4B8D0 /* Build configuration list for PBXNativeTarget "BothtechAppNewUITests" */;
			buildPhases = (
				29C658F11BE1B96200C4B8D0 /* Sources */,
				29C658F21BE1B96200C4B8D0 /* Frameworks */,
				29C658F31BE1B96200C4B8D0 /* Resources */,
			);
			buildRules = (
			);
			dependencies = (
				29C658F71BE1B96200C4B8D0 /* PBXTargetDependency */,
			);
			name = BothtechAppNewUITests;
			productName = BothtechAppNewUITests;
			productReference = 29C658F51BE1B96200C4B8D0 /* BothtechAppNewUITests.xctest */;
			productType = "com.apple.product-type.bundle.ui-testing";
		};
/* End PBXNativeTarget section */

/* Begin PBXProject section */
		29C658C91BE1B96200C4B8D0 /* Project object */ = {
			isa = PBXProject;
			attributes = {
				CLASSPREFIX = BT;
				LastUpgradeCheck = 0700;
				ORGANIZATIONNAME = bothtech;
				TargetAttributes = {
					29C658D01BE1B96200C4B8D0 = {
						CreatedOnToolsVersion = 7.0;
					};
					29C658E91BE1B96200C4B8D0 = {
						CreatedOnToolsVersion = 7.0;
						TestTargetID = 29C658D01BE1B96200C4B8D0;
					};
					29C658F41BE1B96200C4B8D0 = {
						CreatedOnToolsVersion = 7.0;
						TestTargetID = 29C658D01BE1B96200C4B8D0;
					};
				};
			};
			buildConfigurationList = 29C658CC1BE1B96200C4B8D0 /* Build configuration list for PBXProject "BothtechAppNew" */;
			compatibilityVersion = "Xcode 3.2";
			developmentRegion = English;
			hasScannedForEncodings = 0;
			knownRegions = (
				en,
				Base,
			);
			mainGroup = 29C658C81BE1B96200C4B8D0;
			productRefGroup = 29C658D21BE1B96200C4B8D0 /* Products */;
			projectDirPath = "";
			projectRoot = "";
			targets = (
				29C658D01BE1B96200C4B8D0 /* BothtechAppNew */,
				29C658E91BE1B96200C4B8D0 /* BothtechAppNewTests */,
				29C658F41BE1B96200C4B8D0 /* BothtechAppNewUITests */,
			);
		};
/* End PBXProject section */

/* Begin PBXResourcesBuildPhase section */
		29C658CF1BE1B96200C4B8D0 /* Resources */ = {
			isa = PBXResourcesBuildPhase;
			buildActionMask = 2147483647;
			files = (
				29C658E11BE1B96200C4B8D0 /* Assets.xcassets in Resources */,
			);
			runOnlyForDeploymentPostprocessing = 0;
		};
		29C658E81BE1B96200C4B8D0 /* Resources */ = {
			isa = PBXResourcesBuildPhase;
			buildActionMask = 2147483647;
			files = (
			);
			runOnlyForDeploymentPostprocessing = 0;
		};
		29C658F31BE1B96200C4B8D0 /* Resources */ = {
			isa = PBXResourcesBuildPhase;
			buildActionMask = 2147483647;
			files = (
			);
			runOnlyForDeploymentPostprocessing = 0;
		};
/* End PBXResourcesBuildPhase section */

/* Begin PBXSourcesBuildPhase section */
		29C658CD1BE1B96200C4B8D0 /* Sources */ = {
			isa = PBXSourcesBuildPhase;
			buildActionMask = 2147483647;
			files = (
				29C658DC1BE1B96200C4B8D0 /* ViewController.m in Sources */,
				293758621BF09CA70050A31A /* BTConst.m in Sources */,
				29C658D91BE1B96200C4B8D0 /* AppDelegate.m in Sources */,
				2937585C1BF083C90050A31A /* BTHomeCollectionViewController.m in Sources */,
				2937585F1BF091940050A31A /* BTNavigationController.m in Sources */,
				29C658D61BE1B96200C4B8D0 /* main.m in Sources */,
			);
			runOnlyForDeploymentPostprocessing = 0;
		};
		29C658E61BE1B96200C4B8D0 /* Sources */ = {
			isa = PBXSourcesBuildPhase;
			buildActionMask = 2147483647;
			files = (
				29C658EF1BE1B96200C4B8D0 /* BothtechAppNewTests.m in Sources */,
			);
			runOnlyForDeploymentPostprocessing = 0;
		};
		29C658F11BE1B96200C4B8D0 /* Sources */ = {
			isa = PBXSourcesBuildPhase;
			buildActionMask = 2147483647;
			files = (
				29C658FA1BE1B96200C4B8D0 /* BothtechAppNewUITests.m in Sources */,
			);
			runOnlyForDeploymentPostprocessing = 0;
		};
/* End PBXSourcesBuildPhase section */

/* Begin PBXTargetDependency section */
		29C658EC1BE1B96200C4B8D0 /* PBXTargetDependency */ = {
			isa = PBXTargetDependency;
			target = 29C658D01BE1B96200C4B8D0 /* BothtechAppNew */;
			targetProxy = 29C658EB1BE1B96200C4B8D0 /* PBXContainerItemProxy */;
		};
		29C658F71BE1B96200C4B8D0 /* PBXTargetDependency */ = {
			isa = PBXTargetDependency;
			target = 29C658D01BE1B96200C4B8D0 /* BothtechAppNew */;
			targetProxy = 29C658F61BE1B96200C4B8D0 /* PBXContainerItemProxy */;
		};
/* End PBXTargetDependency section */

/* Begin XCBuildConfiguration section */
		29C658FC1BE1B96200C4B8D0 /* Debug */ = {
			isa = XCBuildConfiguration;
			buildSettings = {
				ALWAYS_SEARCH_USER_PATHS = NO;
				CLANG_CXX_LANGUAGE_STANDARD = "gnu++0x";
				CLANG_CXX_LIBRARY = "libc++";
				CLANG_ENABLE_MODULES = YES;
				CLANG_ENABLE_OBJC_ARC = YES;
				CLANG_WARN_BOOL_CONVERSION = YES;
				CLANG_WARN_CONSTANT_CONVERSION = YES;
				CLANG_WARN_DIRECT_OBJC_ISA_USAGE = YES_ERROR;
				CLANG_WARN_EMPTY_BODY = YES;
				CLANG_WARN_ENUM_CONVERSION = YES;
				CLANG_WARN_INT_CONVERSION = YES;
				CLANG_WARN_OBJC_ROOT_CLASS = YES_ERROR;
				CLANG_WARN_UNREACHABLE_CODE = YES;
				CLANG_WARN__DUPLICATE_METHOD_MATCH = YES;
				"CODE_SIGN_IDENTITY[sdk=iphoneos*]" = "iPhone Developer";
				COPY_PHASE_STRIP = NO;
				DEBUG_INFORMATION_FORMAT = dwarf;
				ENABLE_STRICT_OBJC_MSGSEND = YES;
				ENABLE_TESTABILITY = YES;
				GCC_C_LANGUAGE_STANDARD = gnu99;
				GCC_DYNAMIC_NO_PIC = NO;
				GCC_NO_COMMON_BLOCKS = YES;
				GCC_OPTIMIZATION_LEVEL = 0;
				GCC_PREPROCESSOR_DEFINITIONS = (
					"DEBUG=1",
					"$(inherited)",
				);
				GCC_WARN_64_TO_32_BIT_CONVERSION = YES;
				GCC_WARN_ABOUT_RETURN_TYPE = YES_ERROR;
				GCC_WARN_UNDECLARED_SELECTOR = YES;
				GCC_WARN_UNINITIALIZED_AUTOS = YES_AGGRESSIVE;
				GCC_WARN_UNUSED_FUNCTION = YES;
				GCC_WARN_UNUSED_VARIABLE = YES;
				IPHONEOS_DEPLOYMENT_TARGET = 9.0;
				MTL_ENABLE_DEBUG_INFO = YES;
				ONLY_ACTIVE_ARCH = YES;
				SDKROOT = iphoneos;
				TARGETED_DEVICE_FAMILY = "1,2";
			};
			name = Debug;
		};
		29C658FD1BE1B96200C4B8D0 /* Release */ = {
			isa = XCBuildConfiguration;
			buildSettings = {
				ALWAYS_SEARCH_USER_PATHS = NO;
				CLANG_CXX_LANGUAGE_STANDARD = "gnu++0x";
				CLANG_CXX_LIBRARY = "libc++";
				CLANG_ENABLE_MODULES = YES;
				CLANG_ENABLE_OBJC_ARC = YES;
				CLANG_WARN_BOOL_CONVERSION = YES;
				CLANG_WARN_CONSTANT_CONVERSION = YES;
				CLANG_WARN_DIRECT_OBJC_ISA_USAGE = YES_ERROR;
				CLANG_WARN_EMPTY_BODY = YES;
				CLANG_WARN_ENUM_CONVERSION = YES;
				CLANG_WARN_INT_CONVERSION = YES;
				CLANG_WARN_OBJC_ROOT_CLASS = YES_ERROR;
				CLANG_WARN_UNREACHABLE_CODE = YES;
				CLANG_WARN__DUPLICATE_METHOD_MATCH = YES;
				"CODE_SIGN_IDENTITY[sdk=iphoneos*]" = "iPhone Developer";
				COPY_PHASE_STRIP = NO;
				DEBUG_INFORMATION_FORMAT = "dwarf-with-dsym";
				ENABLE_NS_ASSERTIONS = NO;
				ENABLE_STRICT_OBJC_MSGSEND = YES;
				GCC_C_LANGUAGE_STANDARD = gnu99;
				GCC_NO_COMMON_BLOCKS = YES;
				GCC_WARN_64_TO_32_BIT_CONVERSION = YES;
				GCC_WARN_ABOUT_RETURN_TYPE = YES_ERROR;
				GCC_WARN_UNDECLARED_SELECTOR = YES;
				GCC_WARN_UNINITIALIZED_AUTOS = YES_AGGRESSIVE;
				GCC_WARN_UNUSED_FUNCTION = YES;
				GCC_WARN_UNUSED_VARIABLE = YES;
				IPHONEOS_DEPLOYMENT_TARGET = 9.0;
				MTL_ENABLE_DEBUG_INFO = NO;
				SDKROOT = iphoneos;
				TARGETED_DEVICE_FAMILY = "1,2";
				VALIDATE_PRODUCT = YES;
			};
			name = Release;
		};
		29C658FF1BE1B96200C4B8D0 /* Debug */ = {
			isa = XCBuildConfiguration;
			buildSettings = {
				ASSETCATALOG_COMPILER_APPICON_NAME = AppIcon;
				ASSETCATALOG_COMPILER_LAUNCHIMAGE_NAME = LaunchImage;
				INFOPLIST_FILE = BothtechAppNew/Info.plist;
				IPHONEOS_DEPLOYMENT_TARGET = 9.0;
				LD_RUNPATH_SEARCH_PATHS = "$(inherited) @executable_path/Frameworks";
				PRODUCT_BUNDLE_IDENTIFIER = com.BothtechAppNew;
				PRODUCT_NAME = "$(TARGET_NAME)";
				TARGETED_DEVICE_FAMILY = 2;
			};
			name = Debug;
		};
		29C659001BE1B96200C4B8D0 /* Release */ = {
			isa = XCBuildConfiguration;
			buildSettings = {
				ASSETCATALOG_COMPILER_APPICON_NAME = AppIcon;
				ASSETCATALOG_COMPILER_LAUNCHIMAGE_NAME = LaunchImage;
				INFOPLIST_FILE = BothtechAppNew/Info.plist;
				IPHONEOS_DEPLOYMENT_TARGET = 9.0;
				LD_RUNPATH_SEARCH_PATHS = "$(inherited) @executable_path/Frameworks";
				PRODUCT_BUNDLE_IDENTIFIER = com.BothtechAppNew;
				PRODUCT_NAME = "$(TARGET_NAME)";
				TARGETED_DEVICE_FAMILY = 2;
			};
			name = Release;
		};
		29C659021BE1B96200C4B8D0 /* Debug */ = {
			isa = XCBuildConfiguration;
			buildSettings = {
				BUNDLE_LOADER = "$(TEST_HOST)";
				INFOPLIST_FILE = BothtechAppNewTests/Info.plist;
				LD_RUNPATH_SEARCH_PATHS = "$(inherited) @executable_path/Frameworks @loader_path/Frameworks";
				PRODUCT_BUNDLE_IDENTIFIER = com.BothtechAppNewTests;
				PRODUCT_NAME = "$(TARGET_NAME)";
				TEST_HOST = "$(BUILT_PRODUCTS_DIR)/BothtechAppNew.app/BothtechAppNew";
			};
			name = Debug;
		};
		29C659031BE1B96200C4B8D0 /* Release */ = {
			isa = XCBuildConfiguration;
			buildSettings = {
				BUNDLE_LOADER = "$(TEST_HOST)";
				INFOPLIST_FILE = BothtechAppNewTests/Info.plist;
				LD_RUNPATH_SEARCH_PATHS = "$(inherited) @executable_path/Frameworks @loader_path/Frameworks";
				PRODUCT_BUNDLE_IDENTIFIER = com.BothtechAppNewTests;
				PRODUCT_NAME = "$(TARGET_NAME)";
				TEST_HOST = "$(BUILT_PRODUCTS_DIR)/BothtechAppNew.app/BothtechAppNew";
			};
			name = Release;
		};
		29C659051BE1B96200C4B8D0 /* Debug */ = {
			isa = XCBuildConfiguration;
			buildSettings = {
				INFOPLIST_FILE = BothtechAppNewUITests/Info.plist;
				LD_RUNPATH_SEARCH_PATHS = "$(inherited) @executable_path/Frameworks @loader_path/Frameworks";
				PRODUCT_BUNDLE_IDENTIFIER = com.BothtechAppNewUITests;
				PRODUCT_NAME = "$(TARGET_NAME)";
				TEST_TARGET_NAME = BothtechAppNew;
				USES_XCTRUNNER = YES;
			};
			name = Debug;
		};
		29C659061BE1B96200C4B8D0 /* Release */ = {
			isa = XCBuildConfiguration;
			buildSettings = {
				INFOPLIST_FILE = BothtechAppNewUITests/Info.plist;
				LD_RUNPATH_SEARCH_PATHS = "$(inherited) @executable_path/Frameworks @loader_path/Frameworks";
				PRODUCT_BUNDLE_IDENTIFIER = com.BothtechAppNewUITests;
				PRODUCT_NAME = "$(TARGET_NAME)";
				TEST_TARGET_NAME = BothtechAppNew;
				USES_XCTRUNNER = YES;
			};
			name = Release;
		};
/* End XCBuildConfiguration section */

/* Begin XCConfigurationList section */
		29C658CC1BE1B96200C4B8D0 /* Build configuration list for PBXProject "BothtechAppNew" */ = {
			isa = XCConfigurationList;
			buildConfigurations = (
				29C658FC1BE1B96200C4B8D0 /* Debug */,
				29C658FD1BE1B96200C4B8D0 /* Release */,
			);
			defaultConfigurationIsVisible = 0;
			defaultConfigurationName = Release;
		};
		29C658FE1BE1B96200C4B8D0 /* Build configuration list for PBXNativeTarget "BothtechAppNew" */ = {
			isa = XCConfigurationList;
			buildConfigurations = (
				29C658FF1BE1B96200C4B8D0 /* Debug */,
				29C659001BE1B96200C4B8D0 /* Release */,
			);
			defaultConfigurationIsVisible = 0;
			defaultConfigurationName = Release;
		};
		29C659011BE1B96200C4B8D0 /* Build configuration list for PBXNativeTarget "BothtechAppNewTests" */ = {
			isa = XCConfigurationList;
			buildConfigurations = (
				29C659021BE1B96200C4B8D0 /* Debug */,
				29C659031BE1B96200C4B8D0 /* Release */,
			);
			defaultConfigurationIsVisible = 0;
			defaultConfigurationName = Release;
		};
		29C659041BE1B96200C4B8D0 /* Build configuration list for PBXNativeTarget "BothtechAppNewUITests" */ = {
			isa = XCConfigurationList;
			buildConfigurations = (
				29C659051BE1B96200C4B8D0 /* Debug */,
				29C659061BE1B96200C4B8D0 /* Release */,
			);
			defaultConfigurationIsVisible = 0;
			defaultConfigurationName = Release;
		};
/* End XCConfigurationList section */
	};
	rootObject = 29C658C91BE1B96200C4B8D0 /* Project object */;
}
